{
  "version": 4,
  "terraform_version": "0.14.5",
  "serial": 4,
  "lineage": "c6bad257-b31b-8d18-fb2c-24102ce1c33c",
  "outputs": {
    "storage_bucket_name": {
      "value": "ifbk-website-atmc-development-cadmium-storage",
      "type": "string"
    }
  },
  "resources": [
    {
      "module": "module.storage_bucket",
      "mode": "data",
      "type": "template_file",
      "name": "deny_unencrypted_inflight_operations_fragment",
      "provider": "provider[\"registry.terraform.io/hashicorp/template\"]",
      "instances": [
        {
          "schema_version": 0,
          "attributes": {
            "filename": null,
            "id": "daee896b57f064d079ea543a8ea7a2beea603a8b242610f38c1ef5c93441b50c",
            "rendered": "{\n  \"Sid\": \"DenyUnEncryptedInflightOperations\",\n  \"Effect\": \"Deny\",\n  \"Action\": [\"s3:*\"],\n  \"Resource\": [\"arn:aws:s3:::ifbk-website-atmc-development-cadmium-storage/*\"],\n\n  \"Condition\": {\n    \"Bool\": {\n        \"aws:SecureTransport\": \"false\"\n    }\n  },\n\n  \"Principal\": \"*\"\n}",
            "template": "{\n  \"Sid\": \"DenyUnEncryptedInflightOperations\",\n  \"Effect\": \"Deny\",\n  \"Action\": [\"s3:*\"],\n  \"Resource\": [\"arn:aws:s3:::${bucket_name}/*\"],\n\n  \"Condition\": {\n    \"Bool\": {\n        \"aws:SecureTransport\": \"false\"\n    }\n  },\n\n  \"Principal\": \"*\"\n}",
            "vars": {
              "bucket_name": "ifbk-website-atmc-development-cadmium-storage"
            }
          },
          "sensitive_attributes": []
        }
      ]
    },
    {
      "module": "module.storage_bucket",
      "mode": "data",
      "type": "template_file",
      "name": "deny_unencrypted_object_uploads_fragment",
      "provider": "provider[\"registry.terraform.io/hashicorp/template\"]",
      "instances": [
        {
          "schema_version": 0,
          "attributes": {
            "filename": null,
            "id": "d45977abf4c8dc3dfa7df3b3db8d9c24d37458a50ccd143e767ac814d272d618",
            "rendered": "{\n  \"Sid\": \"DenyUnEncryptedObjectUploads\",\n  \"Effect\": \"Deny\",\n  \"Action\": [\"s3:PutObject\"],\n  \"Resource\": [\"arn:aws:s3:::ifbk-website-atmc-development-cadmium-storage/*\"],\n\n  \"Condition\": {\n    \"StringNotEquals\": {\n        \"s3:x-amz-server-side-encryption\": \"AES256\"\n    }\n  },\n\n  \"Principal\": \"*\"\n}",
            "template": "{\n  \"Sid\": \"DenyUnEncryptedObjectUploads\",\n  \"Effect\": \"Deny\",\n  \"Action\": [\"s3:PutObject\"],\n  \"Resource\": [\"arn:aws:s3:::${bucket_name}/*\"],\n\n  \"Condition\": {\n    \"StringNotEquals\": {\n        \"s3:x-amz-server-side-encryption\": \"AES256\"\n    }\n  },\n\n  \"Principal\": \"*\"\n}",
            "vars": {
              "bucket_name": "ifbk-website-atmc-development-cadmium-storage"
            }
          },
          "sensitive_attributes": []
        }
      ]
    },
    {
      "module": "module.storage_bucket",
      "mode": "data",
      "type": "template_file",
      "name": "encrypted_bucket_policy",
      "provider": "provider[\"registry.terraform.io/hashicorp/template\"]",
      "instances": [
        {
          "schema_version": 0,
          "attributes": {
            "filename": null,
            "id": "524aadaa69aea15aebf6e41dcd2fbdcfdec7a541450aa08d46adf9534f7cc7b1",
            "rendered": "{\n  \"Version\": \"2012-10-17\",\n  \"Statement\": [\n    {\n  \"Sid\": \"DenyUnEncryptedObjectUploads\",\n  \"Effect\": \"Deny\",\n  \"Action\": [\"s3:PutObject\"],\n  \"Resource\": [\"arn:aws:s3:::ifbk-website-atmc-development-cadmium-storage/*\"],\n\n  \"Condition\": {\n    \"StringNotEquals\": {\n        \"s3:x-amz-server-side-encryption\": \"AES256\"\n    }\n  },\n\n  \"Principal\": \"*\"\n},\n    {\n  \"Sid\": \"DenyUnEncryptedInflightOperations\",\n  \"Effect\": \"Deny\",\n  \"Action\": [\"s3:*\"],\n  \"Resource\": [\"arn:aws:s3:::ifbk-website-atmc-development-cadmium-storage/*\"],\n\n  \"Condition\": {\n    \"Bool\": {\n        \"aws:SecureTransport\": \"false\"\n    }\n  },\n\n  \"Principal\": \"*\"\n}\n  ]\n}",
            "template": "{\n  \"Version\": \"2012-10-17\",\n  \"Statement\": [\n    ${deny_unencrypted_object_upload_fragment},\n    ${deny_unencrypted_inflight_operations_fragment}\n  ]\n}",
            "vars": {
              "bucket_name": "ifbk-website-atmc-development-cadmium-storage",
              "deny_unencrypted_inflight_operations_fragment": "{\n  \"Sid\": \"DenyUnEncryptedInflightOperations\",\n  \"Effect\": \"Deny\",\n  \"Action\": [\"s3:*\"],\n  \"Resource\": [\"arn:aws:s3:::ifbk-website-atmc-development-cadmium-storage/*\"],\n\n  \"Condition\": {\n    \"Bool\": {\n        \"aws:SecureTransport\": \"false\"\n    }\n  },\n\n  \"Principal\": \"*\"\n}",
              "deny_unencrypted_object_upload_fragment": "{\n  \"Sid\": \"DenyUnEncryptedObjectUploads\",\n  \"Effect\": \"Deny\",\n  \"Action\": [\"s3:PutObject\"],\n  \"Resource\": [\"arn:aws:s3:::ifbk-website-atmc-development-cadmium-storage/*\"],\n\n  \"Condition\": {\n    \"StringNotEquals\": {\n        \"s3:x-amz-server-side-encryption\": \"AES256\"\n    }\n  },\n\n  \"Principal\": \"*\"\n}"
            }
          },
          "sensitive_attributes": []
        }
      ]
    },
    {
      "module": "module.storage_bucket",
      "mode": "managed",
      "type": "aws_s3_bucket",
      "name": "encrypted_bucket",
      "provider": "provider[\"registry.terraform.io/hashicorp/aws\"]",
      "instances": [
        {
          "schema_version": 0,
          "attributes": {
            "acceleration_status": "",
            "acl": "private",
            "arn": "arn:aws:s3:::ifbk-website-atmc-development-cadmium-storage",
            "bucket": "ifbk-website-atmc-development-cadmium-storage",
            "bucket_domain_name": "ifbk-website-atmc-development-cadmium-storage.s3.amazonaws.com",
            "bucket_prefix": null,
            "bucket_regional_domain_name": "ifbk-website-atmc-development-cadmium-storage.s3.eu-west-2.amazonaws.com",
            "cors_rule": [],
            "force_destroy": false,
            "grant": [],
            "hosted_zone_id": "Z3GKZC51ZF0DB4",
            "id": "ifbk-website-atmc-development-cadmium-storage",
            "lifecycle_rule": [],
            "logging": [],
            "object_lock_configuration": [],
            "policy": null,
            "region": "eu-west-2",
            "replication_configuration": [],
            "request_payer": "BucketOwner",
            "server_side_encryption_configuration": [],
            "tags": {
              "DeploymentGroup": "atmc",
              "DeploymentIdentifier": "atmc-development-cadmium",
              "DeploymentLabel": "cadmium",
              "DeploymentType": "development",
              "Name": "ifbk-website-atmc-development-cadmium-storage"
            },
            "versioning": [
              {
                "enabled": true,
                "mfa_delete": false
              }
            ],
            "website": [],
            "website_domain": null,
            "website_endpoint": null
          },
          "sensitive_attributes": [],
          "private": "bnVsbA=="
        }
      ]
    },
    {
      "module": "module.storage_bucket",
      "mode": "managed",
      "type": "aws_s3_bucket_policy",
      "name": "encrypted_bucket",
      "provider": "provider[\"registry.terraform.io/hashicorp/aws\"]",
      "instances": [
        {
          "schema_version": 0,
          "attributes": {
            "bucket": "ifbk-website-atmc-development-cadmium-storage",
            "id": "ifbk-website-atmc-development-cadmium-storage",
            "policy": "{\n  \"Version\": \"2012-10-17\",\n  \"Statement\": [\n    {\n  \"Sid\": \"DenyUnEncryptedObjectUploads\",\n  \"Effect\": \"Deny\",\n  \"Action\": [\"s3:PutObject\"],\n  \"Resource\": [\"arn:aws:s3:::ifbk-website-atmc-development-cadmium-storage/*\"],\n\n  \"Condition\": {\n    \"StringNotEquals\": {\n        \"s3:x-amz-server-side-encryption\": \"AES256\"\n    }\n  },\n\n  \"Principal\": \"*\"\n},\n    {\n  \"Sid\": \"DenyUnEncryptedInflightOperations\",\n  \"Effect\": \"Deny\",\n  \"Action\": [\"s3:*\"],\n  \"Resource\": [\"arn:aws:s3:::ifbk-website-atmc-development-cadmium-storage/*\"],\n\n  \"Condition\": {\n    \"Bool\": {\n        \"aws:SecureTransport\": \"false\"\n    }\n  },\n\n  \"Principal\": \"*\"\n}\n  ]\n}"
          },
          "sensitive_attributes": [],
          "private": "bnVsbA==",
          "dependencies": [
            "module.storage_bucket.aws_s3_bucket.encrypted_bucket",
            "module.storage_bucket.data.template_file.encrypted_bucket_policy"
          ]
        }
      ]
    }
  ]
}
